Microsoft Visual Studio Solution File, Format Version 12.00
# Visual Studio Version 17
VisualStudioVersion = 17.5.2.0
MinimumVisualStudioVersion = 10.0.40219.1
Project("{FAE04EC0-301F-11D3-BF4B-00C04F79EFBC}") = "ItemManagement", "ItemManagement.csproj", "{1E95192E-8E05-EDA6-5835-813F5E2A52BB}"
EndProject
Global
	GlobalSection(SolutionConfigurationPlatforms) = preSolution
		Debug|Any CPU = Debug|Any CPU
		Release|Any CPU = Release|Any CPU
	EndGlobalSection
	GlobalSection(ProjectConfigurationPlatforms) = postSolution
		{1E95192E-8E05-EDA6-5835-813F5E2A52BB}.Debug|Any CPU.ActiveCfg = Debug|Any CPU
		{1E95192E-8E05-EDA6-5835-813F5E2A52BB}.Debug|Any CPU.Build.0 = Debug|Any CPU
		{1E95192E-8E05-EDA6-5835-813F5E2A52BB}.Release|Any CPU.ActiveCfg = Release|Any CPU
		{1E95192E-8E05-EDA6-5835-813F5E2A52BB}.Release|Any CPU.Build.0 = Release|Any CPU
	EndGlobalSection
	GlobalSection(SolutionProperties) = preSolution
		HideSolutionNode = FALSE
	EndGlobalSection
	GlobalSection(ExtensibilityGlobals) = postSolution
		SolutionGuid = {A10FB5AF-F665-4181-8512-1FB18AC93C43}
	EndGlobalSection
EndGlobal
